
Microsoft Visual Studio Solution File, Format Version 12.00
# Visual Studio Version 17
VisualStudioVersion = 17.4.33205.214
MinimumVisualStudioVersion = 10.0.40219.1
Project("{FAE04EC0-301F-11D3-BF4B-00C04F79EFBC}") = "Library Management System", "Library Management System\Library Management System.csproj", "{D3B6A0A4-0A76-4DA7-AEA8-08362CC10006}"
EndProject
Global
	GlobalSection(SolutionConfigurationPlatforms) = preSolution
		Debug|Any CPU = Debug|Any CPU
		Release|Any CPU = Release|Any CPU
	EndGlobalSection
	GlobalSection(ProjectConfigurationPlatforms) = postSolution
		{D3B6A0A4-0A76-4DA7-AEA8-08362CC10006}.Debug|Any CPU.ActiveCfg = Debug|Any CPU
		{D3B6A0A4-0A76-4DA7-AEA8-08362CC10006}.Debug|Any CPU.Build.0 = Debug|Any CPU
		{D3B6A0A4-0A76-4DA7-AEA8-08362CC10006}.Release|Any CPU.ActiveCfg = Release|Any CPU
		{D3B6A0A4-0A76-4DA7-AEA8-08362CC10006}.Release|Any CPU.Build.0 = Release|Any CPU
	EndGlobalSection
	GlobalSection(SolutionProperties) = preSolution
		HideSolutionNode = FALSE
	EndGlobalSection
	GlobalSection(ExtensibilityGlobals) = postSolution
		SolutionGuid = {288CDD62-0B39-4F08-9C98-08FEE9E7AB1B}
	EndGlobalSection
EndGlobal
